
Microsoft Visual Studio Solution File, Format Version 12.00
# Visual Studio Version 17
VisualStudioVersion = 17.0.32014.148
MinimumVisualStudioVersion = 10.0.40219.1
Project("{9A19103F-16F7-4668-BE54-9A1E7A4F7556}") = "Portfolio", "Portfolio\Portfolio.csproj", "{38BD0919-5A6A-4234-ACEC-E8E12C158F66}"
EndProject
Global
	GlobalSection(SolutionConfigurationPlatforms) = preSolution
		Debug|Any CPU = Debug|Any CPU
		Release|Any CPU = Release|Any CPU
	EndGlobalSection
	GlobalSection(ProjectConfigurationPlatforms) = postSolution
		{38BD0919-5A6A-4234-ACEC-E8E12C158F66}.Debug|Any CPU.ActiveCfg = Debug|Any CPU
		{38BD0919-5A6A-4234-ACEC-E8E12C158F66}.Debug|Any CPU.Build.0 = Debug|Any CPU
		{38BD0919-5A6A-4234-ACEC-E8E12C158F66}.Release|Any CPU.ActiveCfg = Release|Any CPU
		{38BD0919-5A6A-4234-ACEC-E8E12C158F66}.Release|Any CPU.Build.0 = Release|Any CPU
	EndGlobalSection
	GlobalSection(SolutionProperties) = preSolution
		HideSolutionNode = FALSE
	EndGlobalSection
	GlobalSection(ExtensibilityGlobals) = postSolution
		SolutionGuid = {20E8A21C-4E42-4011-8BC9-561A8E69F595}
	EndGlobalSection
EndGlobal
